
Microsoft Visual Studio Solution File, Format Version 12.00
# Visual Studio Version 17
VisualStudioVersion = 17.1.32210.238
MinimumVisualStudioVersion = 10.0.40219.1
Project("{FAE04EC0-301F-11D3-BF4B-00C04F79EFBC}") = "MVCPaswords", "MVCPaswords\MVCPaswords.csproj", "{C6338B1E-C2CC-43BD-AF02-55E3C3CD45B3}"
EndProject
Global
	GlobalSection(SolutionConfigurationPlatforms) = preSolution
		Debug|Any CPU = Debug|Any CPU
		Release|Any CPU = Release|Any CPU
	EndGlobalSection
	GlobalSection(ProjectConfigurationPlatforms) = postSolution
		{C6338B1E-C2CC-43BD-AF02-55E3C3CD45B3}.Debug|Any CPU.ActiveCfg = Debug|Any CPU
		{C6338B1E-C2CC-43BD-AF02-55E3C3CD45B3}.Debug|Any CPU.Build.0 = Debug|Any CPU
		{C6338B1E-C2CC-43BD-AF02-55E3C3CD45B3}.Release|Any CPU.ActiveCfg = Release|Any CPU
		{C6338B1E-C2CC-43BD-AF02-55E3C3CD45B3}.Release|Any CPU.Build.0 = Release|Any CPU
	EndGlobalSection
	GlobalSection(SolutionProperties) = preSolution
		HideSolutionNode = FALSE
	EndGlobalSection
	GlobalSection(ExtensibilityGlobals) = postSolution
		SolutionGuid = {AF10C81D-D86A-4FAF-8D59-D7AB321FDDE7}
	EndGlobalSection
EndGlobal
